
Microsoft Visual Studio Solution File, Format Version 12.00
# Visual Studio Version 16
VisualStudioVersion = 16.0.29911.84
MinimumVisualStudioVersion = 10.0.40219.1
Project("{FAE04EC0-301F-11D3-BF4B-00C04F79EFBC}") = "VP Project", "VP Project\VP Project.csproj", "{50B130F9-C2FB-4B7C-ADC4-6320A48ECA85}"
EndProject
Global
	GlobalSection(SolutionConfigurationPlatforms) = preSolution
		Debug|Any CPU = Debug|Any CPU
		Release|Any CPU = Release|Any CPU
	EndGlobalSection
	GlobalSection(ProjectConfigurationPlatforms) = postSolution
		{50B130F9-C2FB-4B7C-ADC4-6320A48ECA85}.Debug|Any CPU.ActiveCfg = Debug|Any CPU
		{50B130F9-C2FB-4B7C-ADC4-6320A48ECA85}.Debug|Any CPU.Build.0 = Debug|Any CPU
		{50B130F9-C2FB-4B7C-ADC4-6320A48ECA85}.Release|Any CPU.ActiveCfg = Release|Any CPU
		{50B130F9-C2FB-4B7C-ADC4-6320A48ECA85}.Release|Any CPU.Build.0 = Release|Any CPU
	EndGlobalSection
	GlobalSection(SolutionProperties) = preSolution
		HideSolutionNode = FALSE
	EndGlobalSection
	GlobalSection(ExtensibilityGlobals) = postSolution
		SolutionGuid = {D94AC9CF-888D-4A2B-946E-09BA3E17C4B5}
	EndGlobalSection
EndGlobal
